// !$*UTF8*$!
{
	archiveVersion = 1;
	classes = {
	};
	objectVersion = 56;
	objects = {

/* Begin PBXBuildFile section */
		B93D011C2A74FEBA007A5DBA /* App.swift in Sources */ = {isa = PBXBuildFile; fileRef = B93D011B2A74FEBA007A5DBA /* App.swift */; };
		B93D011E2A74FEBA007A5DBA /* HomeView.swift in Sources */ = {isa = PBXBuildFile; fileRef = B93D011D2A74FEBA007A5DBA /* HomeView.swift */; };
		B93D01202A74FEBC007A5DBA /* Assets.xcassets in Resources */ = {isa = PBXBuildFile; fileRef = B93D011F2A74FEBC007A5DBA /* Assets.xcassets */; };
		B93D01232A74FEBC007A5DBA /* Preview Assets.xcassets in Resources */ = {isa = PBXBuildFile; fileRef = B93D01222A74FEBC007A5DBA /* Preview Assets.xcassets */; };
		B93D012C2A750231007A5DBA /* TabBar.swift in Sources */ = {isa = PBXBuildFile; fileRef = B93D012B2A750231007A5DBA /* TabBar.swift */; };
		B93D012F2A7502A6007A5DBA /* Tab.swift in Sources */ = {isa = PBXBuildFile; fileRef = B93D012E2A7502A6007A5DBA /* Tab.swift */; };
		B93D01322A753037007A5DBA /* MainView.swift in Sources */ = {isa = PBXBuildFile; fileRef = B93D01312A753037007A5DBA /* MainView.swift */; };
		B9D40B8B2A75361F001ADAA1 /* CartView.swift in Sources */ = {isa = PBXBuildFile; fileRef = B9D40B8A2A75361F001ADAA1 /* CartView.swift */; };
/* End PBXBuildFile section */

/* Begin PBXFileReference section */
		B93D01182A74FEBA007A5DBA /* TheStore.app */ = {isa = PBXFileReference; explicitFileType = wrapper.application; includeInIndex = 0; path = TheStore.app; sourceTree = BUILT_PRODUCTS_DIR; };
		B93D011B2A74FEBA007A5DBA /* App.swift */ = {isa = PBXFileReference; lastKnownFileType = sourcecode.swift; path = App.swift; sourceTree = "<group>"; };
		B93D011D2A74FEBA007A5DBA /* HomeView.swift */ = {isa = PBXFileReference; lastKnownFileType = sourcecode.swift; path = HomeView.swift; sourceTree = "<group>"; };
		B93D011F2A74FEBC007A5DBA /* Assets.xcassets */ = {isa = PBXFileReference; lastKnownFileType = folder.assetcatalog; path = Assets.xcassets; sourceTree = "<group>"; };
		B93D01222A74FEBC007A5DBA /* Preview Assets.xcassets */ = {isa = PBXFileReference; lastKnownFileType = folder.assetcatalog; path = "Preview Assets.xcassets"; sourceTree = "<group>"; };
		B93D012B2A750231007A5DBA /* TabBar.swift */ = {isa = PBXFileReference; lastKnownFileType = sourcecode.swift; path = TabBar.swift; sourceTree = "<group>"; };
		B93D012E2A7502A6007A5DBA /* Tab.swift */ = {isa = PBXFileReference; lastKnownFileType = sourcecode.swift; path = Tab.swift; sourceTree = "<group>"; };
		B93D01312A753037007A5DBA /* MainView.swift */ = {isa = PBXFileReference; lastKnownFileType = sourcecode.swift; path = MainView.swift; sourceTree = "<group>"; };
		B9D40B8A2A75361F001ADAA1 /* CartView.swift */ = {isa = PBXFileReference; lastKnownFileType = sourcecode.swift; path = CartView.swift; sourceTree = "<group>"; };
/* End PBXFileReference section */

/* Begin PBXFrameworksBuildPhase section */
		B93D01152A74FEBA007A5DBA /* Frameworks */ = {
			isa = PBXFrameworksBuildPhase;
			buildActionMask = 2147483647;
			files = (
			);
			runOnlyForDeploymentPostprocessing = 0;
		};
/* End PBXFrameworksBuildPhase section */

/* Begin PBXGroup section */
		B93D010F2A74FEBA007A5DBA = {
			isa = PBXGroup;
			children = (
				B93D011A2A74FEBA007A5DBA /* TheStore */,
				B93D01192A74FEBA007A5DBA /* Products */,
			);
			indentWidth = 2;
			sourceTree = "<group>";
			tabWidth = 2;
		};
		B93D01192A74FEBA007A5DBA /* Products */ = {
			isa = PBXGroup;
			children = (
				B93D01182A74FEBA007A5DBA /* TheStore.app */,
			);
			name = Products;
			sourceTree = "<group>";
		};
		B93D011A2A74FEBA007A5DBA /* TheStore */ = {
			isa = PBXGroup;
			children = (
				B93D011B2A74FEBA007A5DBA /* App.swift */,
				B93D01302A753028007A5DBA /* Features */,
				B93D012A2A75021B007A5DBA /* Components */,
				B93D011F2A74FEBC007A5DBA /* Assets.xcassets */,
				B93D01212A74FEBC007A5DBA /* Preview Content */,
			);
			path = TheStore;
			sourceTree = "<group>";
		};
		B93D01212A74FEBC007A5DBA /* Preview Content */ = {
			isa = PBXGroup;
			children = (
				B93D01222A74FEBC007A5DBA /* Preview Assets.xcassets */,
			);
			path = "Preview Content";
			sourceTree = "<group>";
		};
		B93D01292A750208007A5DBA /* Home */ = {
			isa = PBXGroup;
			children = (
				B93D011D2A74FEBA007A5DBA /* HomeView.swift */,
			);
			path = Home;
			sourceTree = "<group>";
		};
		B93D012A2A75021B007A5DBA /* Components */ = {
			isa = PBXGroup;
			children = (
				B93D012D2A75029B007A5DBA /* TabBar */,
			);
			path = Components;
			sourceTree = "<group>";
		};
		B93D012D2A75029B007A5DBA /* TabBar */ = {
			isa = PBXGroup;
			children = (
				B93D012E2A7502A6007A5DBA /* Tab.swift */,
				B93D012B2A750231007A5DBA /* TabBar.swift */,
			);
			path = TabBar;
			sourceTree = "<group>";
		};
		B93D01302A753028007A5DBA /* Features */ = {
			isa = PBXGroup;
			children = (
				B9D40B892A753617001ADAA1 /* Cart */,
				B93D01292A750208007A5DBA /* Home */,
				B93D01312A753037007A5DBA /* MainView.swift */,
			);
			path = Features;
			sourceTree = "<group>";
		};
		B9D40B892A753617001ADAA1 /* Cart */ = {
			isa = PBXGroup;
			children = (
				B9D40B8A2A75361F001ADAA1 /* CartView.swift */,
			);
			path = Cart;
			sourceTree = "<group>";
		};
/* End PBXGroup section */

/* Begin PBXNativeTarget section */
		B93D01172A74FEBA007A5DBA /* TheStore */ = {
			isa = PBXNativeTarget;
			buildConfigurationList = B93D01262A74FEBC007A5DBA /* Build configuration list for PBXNativeTarget "TheStore" */;
			buildPhases = (
				B93D01142A74FEBA007A5DBA /* Sources */,
				B93D01152A74FEBA007A5DBA /* Frameworks */,
				B93D01162A74FEBA007A5DBA /* Resources */,
			);
			buildRules = (
			);
			dependencies = (
			);
			name = TheStore;
			productName = TheStore;
			productReference = B93D01182A74FEBA007A5DBA /* TheStore.app */;
			productType = "com.apple.product-type.application";
		};
/* End PBXNativeTarget section */

/* Begin PBXProject section */
		B93D01102A74FEBA007A5DBA /* Project object */ = {
			isa = PBXProject;
			attributes = {
				BuildIndependentTargetsInParallel = 1;
				LastSwiftUpdateCheck = 1500;
				LastUpgradeCheck = 1500;
				TargetAttributes = {
					B93D01172A74FEBA007A5DBA = {
						CreatedOnToolsVersion = 15.0;
					};
				};
			};
			buildConfigurationList = B93D01132A74FEBA007A5DBA /* Build configuration list for PBXProject "TheStore" */;
			compatibilityVersion = "Xcode 14.0";
			developmentRegion = en;
			hasScannedForEncodings = 0;
			knownRegions = (
				en,
				Base,
			);
			mainGroup = B93D010F2A74FEBA007A5DBA;
			productRefGroup = B93D01192A74FEBA007A5DBA /* Products */;
			projectDirPath = "";
			projectRoot = "";
			targets = (
				B93D01172A74FEBA007A5DBA /* TheStore */,
			);
		};
/* End PBXProject section */

/* Begin PBXResourcesBuildPhase section */
		B93D01162A74FEBA007A5DBA /* Resources */ = {
			isa = PBXResourcesBuildPhase;
			buildActionMask = 2147483647;
			files = (
				B93D01232A74FEBC007A5DBA /* Preview Assets.xcassets in Resources */,
				B93D01202A74FEBC007A5DBA /* Assets.xcassets in Resources */,
			);
			runOnlyForDeploymentPostprocessing = 0;
		};
/* End PBXResourcesBuildPhase section */

/* Begin PBXSourcesBuildPhase section */
		B93D01142A74FEBA007A5DBA /* Sources */ = {
			isa = PBXSourcesBuildPhase;
			buildActionMask = 2147483647;
			files = (
				B9D40B8B2A75361F001ADAA1 /* CartView.swift in Sources */,
				B93D012C2A750231007A5DBA /* TabBar.swift in Sources */,
				B93D011E2A74FEBA007A5DBA /* HomeView.swift in Sources */,
				B93D011C2A74FEBA007A5DBA /* App.swift in Sources */,
				B93D01322A753037007A5DBA /* MainView.swift in Sources */,
				B93D012F2A7502A6007A5DBA /* Tab.swift in Sources */,
			);
			runOnlyForDeploymentPostprocessing = 0;
		};
/* End PBXSourcesBuildPhase section */

/* Begin XCBuildConfiguration section */
		B93D01242A74FEBC007A5DBA /* Debug */ = {
			isa = XCBuildConfiguration;
			buildSettings = {
				ALWAYS_SEARCH_USER_PATHS = NO;
				ASSETCATALOG_COMPILER_GENERATE_SWIFT_ASSET_SYMBOL_EXTENSIONS = YES;
				CLANG_ANALYZER_NONNULL = YES;
				CLANG_ANALYZER_NUMBER_OBJECT_CONVERSION = YES_AGGRESSIVE;
				CLANG_CXX_LANGUAGE_STANDARD = "gnu++20";
				CLANG_ENABLE_MODULES = YES;
				CLANG_ENABLE_OBJC_ARC = YES;
				CLANG_ENABLE_OBJC_WEAK = YES;
				CLANG_WARN_BLOCK_CAPTURE_AUTORELEASING = YES;
				CLANG_WARN_BOOL_CONVERSION = YES;
				CLANG_WARN_COMMA = YES;
				CLANG_WARN_CONSTANT_CONVERSION = YES;
				CLANG_WARN_DEPRECATED_OBJC_IMPLEMENTATIONS = YES;
				CLANG_WARN_DIRECT_OBJC_ISA_USAGE = YES_ERROR;
				CLANG_WARN_DOCUMENTATION_COMMENTS = YES;
				CLANG_WARN_EMPTY_BODY = YES;
				CLANG_WARN_ENUM_CONVERSION = YES;
				CLANG_WARN_INFINITE_RECURSION = YES;
				CLANG_WARN_INT_CONVERSION = YES;
				CLANG_WARN_NON_LITERAL_NULL_CONVERSION = YES;
				CLANG_WARN_OBJC_IMPLICIT_RETAIN_SELF = YES;
				CLANG_WARN_OBJC_LITERAL_CONVERSION = YES;
				CLANG_WARN_OBJC_ROOT_CLASS = YES_ERROR;
				CLANG_WARN_QUOTED_INCLUDE_IN_FRAMEWORK_HEADER = YES;
				CLANG_WARN_RANGE_LOOP_ANALYSIS = YES;
				CLANG_WARN_STRICT_PROTOTYPES = YES;
				CLANG_WARN_SUSPICIOUS_MOVE = YES;
				CLANG_WARN_UNGUARDED_AVAILABILITY = YES_AGGRESSIVE;
				CLANG_WARN_UNREACHABLE_CODE = YES;
				CLANG_WARN__DUPLICATE_METHOD_MATCH = YES;
				COPY_PHASE_STRIP = NO;
				DEBUG_INFORMATION_FORMAT = dwarf;
				ENABLE_STRICT_OBJC_MSGSEND = YES;
				ENABLE_TESTABILITY = YES;
				ENABLE_USER_SCRIPT_SANDBOXING = YES;
				GCC_C_LANGUAGE_STANDARD = gnu17;
				GCC_DYNAMIC_NO_PIC = NO;
				GCC_NO_COMMON_BLOCKS = YES;
				GCC_OPTIMIZATION_LEVEL = 0;
				GCC_PREPROCESSOR_DEFINITIONS = (
					"DEBUG=1",
					"$(inherited)",
				);
				GCC_WARN_64_TO_32_BIT_CONVERSION = YES;
				GCC_WARN_ABOUT_RETURN_TYPE = YES_ERROR;
				GCC_WARN_UNDECLARED_SELECTOR = YES;
				GCC_WARN_UNINITIALIZED_AUTOS = YES_AGGRESSIVE;
				GCC_WARN_UNUSED_FUNCTION = YES;
				GCC_WARN_UNUSED_VARIABLE = YES;
				IPHONEOS_DEPLOYMENT_TARGET = 17.0;
				LOCALIZATION_PREFERS_STRING_CATALOGS = YES;
				MTL_ENABLE_DEBUG_INFO = INCLUDE_SOURCE;
				MTL_FAST_MATH = YES;
				ONLY_ACTIVE_ARCH = YES;
				SDKROOT = iphoneos;
				SWIFT_ACTIVE_COMPILATION_CONDITIONS = "DEBUG $(inherited)";
				SWIFT_OPTIMIZATION_LEVEL = "-Onone";
			};
			name = Debug;
		};
		B93D01252A74FEBC007A5DBA /* Release */ = {
			isa = XCBuildConfiguration;
			buildSettings = {
				ALWAYS_SEARCH_USER_PATHS = NO;
				ASSETCATALOG_COMPILER_GENERATE_SWIFT_ASSET_SYMBOL_EXTENSIONS = YES;
				CLANG_ANALYZER_NONNULL = YES;
				CLANG_ANALYZER_NUMBER_OBJECT_CONVERSION = YES_AGGRESSIVE;
				CLANG_CXX_LANGUAGE_STANDARD = "gnu++20";
				CLANG_ENABLE_MODULES = YES;
				CLANG_ENABLE_OBJC_ARC = YES;
				CLANG_ENABLE_OBJC_WEAK = YES;
				CLANG_WARN_BLOCK_CAPTURE_AUTORELEASING = YES;
				CLANG_WARN_BOOL_CONVERSION = YES;
				CLANG_WARN_COMMA = YES;
				CLANG_WARN_CONSTANT_CONVERSION = YES;
				CLANG_WARN_DEPRECATED_OBJC_IMPLEMENTATIONS = YES;
				CLANG_WARN_DIRECT_OBJC_ISA_USAGE = YES_ERROR;
				CLANG_WARN_DOCUMENTATION_COMMENTS = YES;
				CLANG_WARN_EMPTY_BODY = YES;
				CLANG_WARN_ENUM_CONVERSION = YES;
				CLANG_WARN_INFINITE_RECURSION = YES;
				CLANG_WARN_INT_CONVERSION = YES;
				CLANG_WARN_NON_LITERAL_NULL_CONVERSION = YES;
				CLANG_WARN_OBJC_IMPLICIT_RETAIN_SELF = YES;
				CLANG_WARN_OBJC_LITERAL_CONVERSION = YES;
				CLANG_WARN_OBJC_ROOT_CLASS = YES_ERROR;
				CLANG_WARN_QUOTED_INCLUDE_IN_FRAMEWORK_HEADER = YES;
				CLANG_WARN_RANGE_LOOP_ANALYSIS = YES;
				CLANG_WARN_STRICT_PROTOTYPES = YES;
				CLANG_WARN_SUSPICIOUS_MOVE = YES;
				CLANG_WARN_UNGUARDED_AVAILABILITY = YES_AGGRESSIVE;
				CLANG_WARN_UNREACHABLE_CODE = YES;
				CLANG_WARN__DUPLICATE_METHOD_MATCH = YES;
				COPY_PHASE_STRIP = NO;
				DEBUG_INFORMATION_FORMAT = "dwarf-with-dsym";
				ENABLE_NS_ASSERTIONS = NO;
				ENABLE_STRICT_OBJC_MSGSEND = YES;
				ENABLE_USER_SCRIPT_SANDBOXING = YES;
				GCC_C_LANGUAGE_STANDARD = gnu17;
				GCC_NO_COMMON_BLOCKS = YES;
				GCC_WARN_64_TO_32_BIT_CONVERSION = YES;
				GCC_WARN_ABOUT_RETURN_TYPE = YES_ERROR;
				GCC_WARN_UNDECLARED_SELECTOR = YES;
				GCC_WARN_UNINITIALIZED_AUTOS = YES_AGGRESSIVE;
				GCC_WARN_UNUSED_FUNCTION = YES;
				GCC_WARN_UNUSED_VARIABLE = YES;
				IPHONEOS_DEPLOYMENT_TARGET = 17.0;
				LOCALIZATION_PREFERS_STRING_CATALOGS = YES;
				MTL_ENABLE_DEBUG_INFO = NO;
				MTL_FAST_MATH = YES;
				SDKROOT = iphoneos;
				SWIFT_COMPILATION_MODE = wholemodule;
				VALIDATE_PRODUCT = YES;
			};
			name = Release;
		};
		B93D01272A74FEBC007A5DBA /* Debug */ = {
			isa = XCBuildConfiguration;
			buildSettings = {
				ASSETCATALOG_COMPILER_APPICON_NAME = AppIcon;
				ASSETCATALOG_COMPILER_GLOBAL_ACCENT_COLOR_NAME = AccentColor;
				CODE_SIGN_STYLE = Automatic;
				CURRENT_PROJECT_VERSION = 1;
				DEVELOPMENT_ASSET_PATHS = "\"TheStore/Preview Content\"";
				DEVELOPMENT_TEAM = 3TLQ6C265H;
				ENABLE_PREVIEWS = YES;
				GENERATE_INFOPLIST_FILE = YES;
				INFOPLIST_KEY_UIApplicationSceneManifest_Generation = YES;
				INFOPLIST_KEY_UIApplicationSupportsIndirectInputEvents = YES;
				INFOPLIST_KEY_UILaunchScreen_Generation = YES;
				INFOPLIST_KEY_UISupportedInterfaceOrientations_iPad = "UIInterfaceOrientationPortrait UIInterfaceOrientationPortraitUpsideDown UIInterfaceOrientationLandscapeLeft UIInterfaceOrientationLandscapeRight";
				INFOPLIST_KEY_UISupportedInterfaceOrientations_iPhone = "UIInterfaceOrientationPortrait UIInterfaceOrientationLandscapeLeft UIInterfaceOrientationLandscapeRight";
				LD_RUNPATH_SEARCH_PATHS = (
					"$(inherited)",
					"@executable_path/Frameworks",
				);
				MARKETING_VERSION = 1.0;
				PRODUCT_BUNDLE_IDENTIFIER = com.gorecki.TheStore;
				PRODUCT_NAME = "$(TARGET_NAME)";
				SWIFT_EMIT_LOC_STRINGS = YES;
				SWIFT_VERSION = 5.0;
				TARGETED_DEVICE_FAMILY = "1,2";
			};
			name = Debug;
		};
		B93D01282A74FEBC007A5DBA /* Release */ = {
			isa = XCBuildConfiguration;
			buildSettings = {
				ASSETCATALOG_COMPILER_APPICON_NAME = AppIcon;
				ASSETCATALOG_COMPILER_GLOBAL_ACCENT_COLOR_NAME = AccentColor;
				CODE_SIGN_STYLE = Automatic;
				CURRENT_PROJECT_VERSION = 1;
				DEVELOPMENT_ASSET_PATHS = "\"TheStore/Preview Content\"";
				DEVELOPMENT_TEAM = 3TLQ6C265H;
				ENABLE_PREVIEWS = YES;
				GENERATE_INFOPLIST_FILE = YES;
				INFOPLIST_KEY_UIApplicationSceneManifest_Generation = YES;
				INFOPLIST_KEY_UIApplicationSupportsIndirectInputEvents = YES;
				INFOPLIST_KEY_UILaunchScreen_Generation = YES;
				INFOPLIST_KEY_UISupportedInterfaceOrientations_iPad = "UIInterfaceOrientationPortrait UIInterfaceOrientationPortraitUpsideDown UIInterfaceOrientationLandscapeLeft UIInterfaceOrientationLandscapeRight";
				INFOPLIST_KEY_UISupportedInterfaceOrientations_iPhone = "UIInterfaceOrientationPortrait UIInterfaceOrientationLandscapeLeft UIInterfaceOrientationLandscapeRight";
				LD_RUNPATH_SEARCH_PATHS = (
					"$(inherited)",
					"@executable_path/Frameworks",
				);
				MARKETING_VERSION = 1.0;
				PRODUCT_BUNDLE_IDENTIFIER = com.gorecki.TheStore;
				PRODUCT_NAME = "$(TARGET_NAME)";
				SWIFT_EMIT_LOC_STRINGS = YES;
				SWIFT_VERSION = 5.0;
				TARGETED_DEVICE_FAMILY = "1,2";
			};
			name = Release;
		};
/* End XCBuildConfiguration section */

/* Begin XCConfigurationList section */
		B93D01132A74FEBA007A5DBA /* Build configuration list for PBXProject "TheStore" */ = {
			isa = XCConfigurationList;
			buildConfigurations = (
				B93D01242A74FEBC007A5DBA /* Debug */,
				B93D01252A74FEBC007A5DBA /* Release */,
			);
			defaultConfigurationIsVisible = 0;
			defaultConfigurationName = Release;
		};
		B93D01262A74FEBC007A5DBA /* Build configuration list for PBXNativeTarget "TheStore" */ = {
			isa = XCConfigurationList;
			buildConfigurations = (
				B93D01272A74FEBC007A5DBA /* Debug */,
				B93D01282A74FEBC007A5DBA /* Release */,
			);
			defaultConfigurationIsVisible = 0;
			defaultConfigurationName = Release;
		};
/* End XCConfigurationList section */
	};
	rootObject = B93D01102A74FEBA007A5DBA /* Project object */;
}
